// !$*UTF8*$!
{
	archiveVersion = 1;
	classes = {
	};
	objectVersion = 46;
	objects = {

/* Begin PBXBuildFile section */
		8200357219F656F100CB62FB /* InfoViewController.swift in Sources */ = {isa = PBXBuildFile; fileRef = 8200357119F656F100CB62FB /* InfoViewController.swift */; };
		8200357419F65CE400CB62FB /* StartGameViewController.swift in Sources */ = {isa = PBXBuildFile; fileRef = 8200357319F65CE400CB62FB /* StartGameViewController.swift */; };
		8206B67B19FA7A8600BA45A0 /* Dictionary.swift in Sources */ = {isa = PBXBuildFile; fileRef = 8206B67A19FA7A8600BA45A0 /* Dictionary.swift */; };
		8207A23D1A1518FD00A169EC /* AddressBook.framework in Frameworks */ = {isa = PBXBuildFile; fileRef = 8207A23C1A1518FD00A169EC /* AddressBook.framework */; };
		8207A23F1A15192900A169EC /* AddressBookUI.framework in Frameworks */ = {isa = PBXBuildFile; fileRef = 8207A23E1A15192900A169EC /* AddressBookUI.framework */; };
		822AD27A19FAD04C00E201DA /* Dictionary.swift in Sources */ = {isa = PBXBuildFile; fileRef = 8206B67A19FA7A8600BA45A0 /* Dictionary.swift */; };
		822AD27C19FBE83300E201DA /* Settings.swift in Sources */ = {isa = PBXBuildFile; fileRef = 822AD27B19FBE83300E201DA /* Settings.swift */; };
		8232F1CA19F9926F00D473CF /* TheHatTests.swift in Sources */ = {isa = PBXBuildFile; fileRef = 8267531E19F619A800071464 /* TheHatTests.swift */; };
		8234604919F681FC00989B3A /* GameRoundViewController.swift in Sources */ = {isa = PBXBuildFile; fileRef = 8234604819F681FC00989B3A /* GameRoundViewController.swift */; };
		8234604D19F68F8D00989B3A /* GameResultsViewController.swift in Sources */ = {isa = PBXBuildFile; fileRef = 8234604C19F68F8D00989B3A /* GameResultsViewController.swift */; };
		82362DE91A1235C6007930AB /* GameResultsTableViewCell.swift in Sources */ = {isa = PBXBuildFile; fileRef = 82362DE81A1235C6007930AB /* GameResultsTableViewCell.swift */; };
		823C75C51A44C65600B56389 /* Word.swift in Sources */ = {isa = PBXBuildFile; fileRef = 829FB55C19F6C05F0090BFB5 /* Word.swift */; };
		823C75C61A44C66300B56389 /* Constants.swift in Sources */ = {isa = PBXBuildFile; fileRef = 82A62D2E1A1E485800A6A353 /* Constants.swift */; };
		825A88591A0F71C900D35B8B /* Default-568h@2x.png in Resources */ = {isa = PBXBuildFile; fileRef = 825A88581A0F71C900D35B8B /* Default-568h@2x.png */; };
		82611E2819FBF9CF00C2B14A /* SettingsTableViewController.swift in Sources */ = {isa = PBXBuildFile; fileRef = 82611E2719FBF9CF00C2B14A /* SettingsTableViewController.swift */; };
		8267530919F619A800071464 /* AppDelegate.swift in Sources */ = {isa = PBXBuildFile; fileRef = 8267530819F619A800071464 /* AppDelegate.swift */; };
		8267530E19F619A800071464 /* Main.storyboard in Resources */ = {isa = PBXBuildFile; fileRef = 8267530C19F619A800071464 /* Main.storyboard */; };
		8267531319F619A800071464 /* LaunchScreen.xib in Resources */ = {isa = PBXBuildFile; fileRef = 8267531119F619A800071464 /* LaunchScreen.xib */; };
		8284A4801A15214100D10730 /* AddressBookTableViewCell.swift in Sources */ = {isa = PBXBuildFile; fileRef = 8284A47F1A15214100D10730 /* AddressBookTableViewCell.swift */; };
		8286EAD119FD431000F08D28 /* NewGameSettingsTableViewController.swift in Sources */ = {isa = PBXBuildFile; fileRef = 8286EAD019FD431000F08D28 /* NewGameSettingsTableViewController.swift */; };
		8286EAD319FD574B00F08D28 /* ListOfPlayersTableViewController.swift in Sources */ = {isa = PBXBuildFile; fileRef = 8286EAD219FD574B00F08D28 /* ListOfPlayersTableViewController.swift */; };
		8286EAD519FD6B0300F08D28 /* RoundResultsTableViewController.swift in Sources */ = {isa = PBXBuildFile; fileRef = 8286EAD419FD6B0300F08D28 /* RoundResultsTableViewController.swift */; };
		828927E11A0EA5F500BB009E /* dict.txt in Resources */ = {isa = PBXBuildFile; fileRef = 828927DF1A0EA5F500BB009E /* dict.txt */; };
		828927E81A0F541200BB009E /* PageContentViewController.swift in Sources */ = {isa = PBXBuildFile; fileRef = 828927E71A0F541200BB009E /* PageContentViewController.swift */; };
		828927EA1A0F58CC00BB009E /* MainTutorialViewController.swift in Sources */ = {isa = PBXBuildFile; fileRef = 828927E91A0F58CC00BB009E /* MainTutorialViewController.swift */; };
		828A1B9F1A01794D00BE793D /* ActiveWord.swift in Sources */ = {isa = PBXBuildFile; fileRef = 82E0184E19FEB0E7006BE02E /* ActiveWord.swift */; };
		829FB55B19F6BF1E0090BFB5 /* Player.swift in Sources */ = {isa = PBXBuildFile; fileRef = 829FB55A19F6BF1E0090BFB5 /* Player.swift */; };
		829FB55D19F6C05F0090BFB5 /* Word.swift in Sources */ = {isa = PBXBuildFile; fileRef = 829FB55C19F6C05F0090BFB5 /* Word.swift */; };
		82A3794319FFFCEC00C77877 /* CustomPlayerTableCell.swift in Sources */ = {isa = PBXBuildFile; fileRef = 82A3794219FFFCEC00C77877 /* CustomPlayerTableCell.swift */; };
		82A62D2F1A1E485800A6A353 /* Constants.swift in Sources */ = {isa = PBXBuildFile; fileRef = 82A62D2E1A1E485800A6A353 /* Constants.swift */; };
		82A62D301A1E4C5900A6A353 /* TournamentSystem.swift in Sources */ = {isa = PBXBuildFile; fileRef = 82C66C5119F6CB4F00CE2BF0 /* TournamentSystem.swift */; };
		82B3D1F31A02D9F600239116 /* Media.xcassets in Resources */ = {isa = PBXBuildFile; fileRef = 82B3D1F21A02D9F600239116 /* Media.xcassets */; };
		82C66C5019F6C56C00CE2BF0 /* Game.swift in Sources */ = {isa = PBXBuildFile; fileRef = 82C66C4F19F6C56C00CE2BF0 /* Game.swift */; };
		82C66C5219F6CB4F00CE2BF0 /* TournamentSystem.swift in Sources */ = {isa = PBXBuildFile; fileRef = 82C66C5119F6CB4F00CE2BF0 /* TournamentSystem.swift */; };
		82C7085519F7D61E00D184B8 /* AppDelegate.swift in Sources */ = {isa = PBXBuildFile; fileRef = 8267530819F619A800071464 /* AppDelegate.swift */; };
		82C7085819F7D9CC00D184B8 /* Player.swift in Sources */ = {isa = PBXBuildFile; fileRef = 829FB55A19F6BF1E0090BFB5 /* Player.swift */; };
		82C7085A19F7DA9800D184B8 /* Game.swift in Sources */ = {isa = PBXBuildFile; fileRef = 82C66C4F19F6C56C00CE2BF0 /* Game.swift */; };
		82D544201A2DC435005E38B3 /* WordTableViewCell.swift in Sources */ = {isa = PBXBuildFile; fileRef = 82D5441F1A2DC435005E38B3 /* WordTableViewCell.swift */; };
		82D78FD71A2DBA5A00D7E4D2 /* AddWordsViewController.swift in Sources */ = {isa = PBXBuildFile; fileRef = 82D78FD61A2DBA5A00D7E4D2 /* AddWordsViewController.swift */; };
		82DC1FAA1A0FFAC4007EFDD5 /* CircleView.swift in Sources */ = {isa = PBXBuildFile; fileRef = 82DC1FA91A0FFAC4007EFDD5 /* CircleView.swift */; };
		82DF94001A1927B80096A300 /* BaseViewController.swift in Sources */ = {isa = PBXBuildFile; fileRef = 82DF93FF1A1927B80096A300 /* BaseViewController.swift */; };
		82E0184D19FEA8C0006BE02E /* CustomTableViewCell.swift in Sources */ = {isa = PBXBuildFile; fileRef = 82E0184C19FEA8C0006BE02E /* CustomTableViewCell.swift */; };
		82E0184F19FEB0E7006BE02E /* ActiveWord.swift in Sources */ = {isa = PBXBuildFile; fileRef = 82E0184E19FEB0E7006BE02E /* ActiveWord.swift */; };
		82E0185519FEB8A1006BE02E /* MGSwipeButton.m in Sources */ = {isa = PBXBuildFile; fileRef = 82E0185219FEB8A1006BE02E /* MGSwipeButton.m */; };
		82E0185619FEB8A1006BE02E /* MGSwipeTableCell.m in Sources */ = {isa = PBXBuildFile; fileRef = 82E0185419FEB8A1006BE02E /* MGSwipeTableCell.m */; };
		82E3ACDF19F6553F004AC9BF /* StartScreenViewController.swift in Sources */ = {isa = PBXBuildFile; fileRef = 8267530A19F619A800071464 /* StartScreenViewController.swift */; };
		82F05EBC19FD745F00CE5316 /* CurrentRoundSettingsTableViewController.swift in Sources */ = {isa = PBXBuildFile; fileRef = 82F05EBB19FD745F00CE5316 /* CurrentRoundSettingsTableViewController.swift */; };
		82FFFFF71A2A4A910064C75C /* AddressBookViewController.swift in Sources */ = {isa = PBXBuildFile; fileRef = 82FFFFF61A2A4A910064C75C /* AddressBookViewController.swift */; };
/* End PBXBuildFile section */

/* Begin PBXContainerItemProxy section */
		8267531919F619A800071464 /* PBXContainerItemProxy */ = {
			isa = PBXContainerItemProxy;
			containerPortal = 826752FB19F619A700071464 /* Project object */;
			proxyType = 1;
			remoteGlobalIDString = 8267530219F619A800071464;
			remoteInfo = TheHat;
		};
/* End PBXContainerItemProxy section */

/* Begin PBXFileReference section */
		8200357119F656F100CB62FB /* InfoViewController.swift */ = {isa = PBXFileReference; fileEncoding = 4; lastKnownFileType = sourcecode.swift; path = InfoViewController.swift; sourceTree = "<group>"; };
		8200357319F65CE400CB62FB /* StartGameViewController.swift */ = {isa = PBXFileReference; fileEncoding = 4; lastKnownFileType = sourcecode.swift; path = StartGameViewController.swift; sourceTree = "<group>"; };
		8206B67A19FA7A8600BA45A0 /* Dictionary.swift */ = {isa = PBXFileReference; fileEncoding = 4; lastKnownFileType = sourcecode.swift; path = Dictionary.swift; sourceTree = "<group>"; };
		8207A23C1A1518FD00A169EC /* AddressBook.framework */ = {isa = PBXFileReference; lastKnownFileType = wrapper.framework; name = AddressBook.framework; path = System/Library/Frameworks/AddressBook.framework; sourceTree = SDKROOT; };
		8207A23E1A15192900A169EC /* AddressBookUI.framework */ = {isa = PBXFileReference; lastKnownFileType = wrapper.framework; name = AddressBookUI.framework; path = System/Library/Frameworks/AddressBookUI.framework; sourceTree = SDKROOT; };
		822AD27B19FBE83300E201DA /* Settings.swift */ = {isa = PBXFileReference; fileEncoding = 4; lastKnownFileType = sourcecode.swift; path = Settings.swift; sourceTree = "<group>"; };
		8234604819F681FC00989B3A /* GameRoundViewController.swift */ = {isa = PBXFileReference; fileEncoding = 4; lastKnownFileType = sourcecode.swift; path = GameRoundViewController.swift; sourceTree = "<group>"; };
		8234604C19F68F8D00989B3A /* GameResultsViewController.swift */ = {isa = PBXFileReference; fileEncoding = 4; lastKnownFileType = sourcecode.swift; path = GameResultsViewController.swift; sourceTree = "<group>"; };
		82362DE81A1235C6007930AB /* GameResultsTableViewCell.swift */ = {isa = PBXFileReference; fileEncoding = 4; lastKnownFileType = sourcecode.swift; path = GameResultsTableViewCell.swift; sourceTree = "<group>"; };
		825A88581A0F71C900D35B8B /* Default-568h@2x.png */ = {isa = PBXFileReference; lastKnownFileType = image.png; path = "Default-568h@2x.png"; sourceTree = "<group>"; };
		82611E2719FBF9CF00C2B14A /* SettingsTableViewController.swift */ = {isa = PBXFileReference; fileEncoding = 4; lastKnownFileType = sourcecode.swift; path = SettingsTableViewController.swift; sourceTree = "<group>"; };
		8267530319F619A800071464 /* TheHat.app */ = {isa = PBXFileReference; explicitFileType = wrapper.application; includeInIndex = 0; path = TheHat.app; sourceTree = BUILT_PRODUCTS_DIR; };
		8267530719F619A800071464 /* Info.plist */ = {isa = PBXFileReference; lastKnownFileType = text.plist.xml; path = Info.plist; sourceTree = "<group>"; };
		8267530819F619A800071464 /* AppDelegate.swift */ = {isa = PBXFileReference; lastKnownFileType = sourcecode.swift; path = AppDelegate.swift; sourceTree = "<group>"; };
		8267530A19F619A800071464 /* StartScreenViewController.swift */ = {isa = PBXFileReference; lastKnownFileType = sourcecode.swift; path = StartScreenViewController.swift; sourceTree = "<group>"; };
		8267530D19F619A800071464 /* Base */ = {isa = PBXFileReference; lastKnownFileType = file.storyboard; name = Base; path = Base.lproj/Main.storyboard; sourceTree = "<group>"; };
		8267531219F619A800071464 /* Base */ = {isa = PBXFileReference; lastKnownFileType = file.xib; name = Base; path = Base.lproj/LaunchScreen.xib; sourceTree = "<group>"; };
		8267531819F619A800071464 /* TheHatTests.xctest */ = {isa = PBXFileReference; explicitFileType = wrapper.cfbundle; includeInIndex = 0; path = TheHatTests.xctest; sourceTree = BUILT_PRODUCTS_DIR; };
		8267531D19F619A800071464 /* Info.plist */ = {isa = PBXFileReference; lastKnownFileType = text.plist.xml; path = Info.plist; sourceTree = "<group>"; };
		8267531E19F619A800071464 /* TheHatTests.swift */ = {isa = PBXFileReference; lastKnownFileType = sourcecode.swift; path = TheHatTests.swift; sourceTree = "<group>"; };
		8284A47F1A15214100D10730 /* AddressBookTableViewCell.swift */ = {isa = PBXFileReference; fileEncoding = 4; lastKnownFileType = sourcecode.swift; path = AddressBookTableViewCell.swift; sourceTree = "<group>"; };
		8286EAD019FD431000F08D28 /* NewGameSettingsTableViewController.swift */ = {isa = PBXFileReference; fileEncoding = 4; lastKnownFileType = sourcecode.swift; path = NewGameSettingsTableViewController.swift; sourceTree = "<group>"; };
		8286EAD219FD574B00F08D28 /* ListOfPlayersTableViewController.swift */ = {isa = PBXFileReference; fileEncoding = 4; lastKnownFileType = sourcecode.swift; path = ListOfPlayersTableViewController.swift; sourceTree = "<group>"; };
		8286EAD419FD6B0300F08D28 /* RoundResultsTableViewController.swift */ = {isa = PBXFileReference; fileEncoding = 4; lastKnownFileType = sourcecode.swift; path = RoundResultsTableViewController.swift; sourceTree = "<group>"; };
		828927DF1A0EA5F500BB009E /* dict.txt */ = {isa = PBXFileReference; fileEncoding = 4; lastKnownFileType = text; path = dict.txt; sourceTree = "<group>"; };
		828927E71A0F541200BB009E /* PageContentViewController.swift */ = {isa = PBXFileReference; fileEncoding = 4; lastKnownFileType = sourcecode.swift; name = PageContentViewController.swift; path = /Users/valzevul/projects/ios/TheHat/TheHat/ViewControllers/PageContentViewController.swift; sourceTree = "<absolute>"; };
		828927E91A0F58CC00BB009E /* MainTutorialViewController.swift */ = {isa = PBXFileReference; fileEncoding = 4; lastKnownFileType = sourcecode.swift; path = MainTutorialViewController.swift; sourceTree = "<group>"; };
		829FB55A19F6BF1E0090BFB5 /* Player.swift */ = {isa = PBXFileReference; fileEncoding = 4; lastKnownFileType = sourcecode.swift; path = Player.swift; sourceTree = "<group>"; };
		829FB55C19F6C05F0090BFB5 /* Word.swift */ = {isa = PBXFileReference; fileEncoding = 4; lastKnownFileType = sourcecode.swift; path = Word.swift; sourceTree = "<group>"; };
		82A3794219FFFCEC00C77877 /* CustomPlayerTableCell.swift */ = {isa = PBXFileReference; fileEncoding = 4; lastKnownFileType = sourcecode.swift; path = CustomPlayerTableCell.swift; sourceTree = "<group>"; };
		82A62D2E1A1E485800A6A353 /* Constants.swift */ = {isa = PBXFileReference; fileEncoding = 4; lastKnownFileType = sourcecode.swift; path = Constants.swift; sourceTree = "<group>"; };
		82B3D1F21A02D9F600239116 /* Media.xcassets */ = {isa = PBXFileReference; lastKnownFileType = folder.assetcatalog; path = Media.xcassets; sourceTree = "<group>"; };
		82C66C4F19F6C56C00CE2BF0 /* Game.swift */ = {isa = PBXFileReference; fileEncoding = 4; lastKnownFileType = sourcecode.swift; path = Game.swift; sourceTree = "<group>"; };
		82C66C5119F6CB4F00CE2BF0 /* TournamentSystem.swift */ = {isa = PBXFileReference; fileEncoding = 4; lastKnownFileType = sourcecode.swift; path = TournamentSystem.swift; sourceTree = "<group>"; };
		82D5441F1A2DC435005E38B3 /* WordTableViewCell.swift */ = {isa = PBXFileReference; fileEncoding = 4; lastKnownFileType = sourcecode.swift; path = WordTableViewCell.swift; sourceTree = "<group>"; };
		82D78FD61A2DBA5A00D7E4D2 /* AddWordsViewController.swift */ = {isa = PBXFileReference; fileEncoding = 4; lastKnownFileType = sourcecode.swift; path = AddWordsViewController.swift; sourceTree = "<group>"; };
		82DC1FA91A0FFAC4007EFDD5 /* CircleView.swift */ = {isa = PBXFileReference; fileEncoding = 4; lastKnownFileType = sourcecode.swift; path = CircleView.swift; sourceTree = "<group>"; };
		82DF93FF1A1927B80096A300 /* BaseViewController.swift */ = {isa = PBXFileReference; fileEncoding = 4; lastKnownFileType = sourcecode.swift; name = BaseViewController.swift; path = ViewControllers/BaseViewController.swift; sourceTree = "<group>"; };
		82E0184C19FEA8C0006BE02E /* CustomTableViewCell.swift */ = {isa = PBXFileReference; fileEncoding = 4; lastKnownFileType = sourcecode.swift; path = CustomTableViewCell.swift; sourceTree = "<group>"; };
		82E0184E19FEB0E7006BE02E /* ActiveWord.swift */ = {isa = PBXFileReference; fileEncoding = 4; lastKnownFileType = sourcecode.swift; path = ActiveWord.swift; sourceTree = "<group>"; };
		82E0185119FEB8A1006BE02E /* MGSwipeButton.h */ = {isa = PBXFileReference; fileEncoding = 4; lastKnownFileType = sourcecode.c.h; path = MGSwipeButton.h; sourceTree = "<group>"; };
		82E0185219FEB8A1006BE02E /* MGSwipeButton.m */ = {isa = PBXFileReference; fileEncoding = 4; lastKnownFileType = sourcecode.c.objc; path = MGSwipeButton.m; sourceTree = "<group>"; };
		82E0185319FEB8A1006BE02E /* MGSwipeTableCell.h */ = {isa = PBXFileReference; fileEncoding = 4; lastKnownFileType = sourcecode.c.h; path = MGSwipeTableCell.h; sourceTree = "<group>"; };
		82E0185419FEB8A1006BE02E /* MGSwipeTableCell.m */ = {isa = PBXFileReference; fileEncoding = 4; lastKnownFileType = sourcecode.c.objc; path = MGSwipeTableCell.m; sourceTree = "<group>"; };
		82E0185719FEB954006BE02E /* Header.h */ = {isa = PBXFileReference; lastKnownFileType = sourcecode.c.h; name = Header.h; path = /Users/valzevul/projects/ios/TheHat/Header.h; sourceTree = "<absolute>"; };
		82F05EBB19FD745F00CE5316 /* CurrentRoundSettingsTableViewController.swift */ = {isa = PBXFileReference; fileEncoding = 4; lastKnownFileType = sourcecode.swift; path = CurrentRoundSettingsTableViewController.swift; sourceTree = "<group>"; };
		82FFFFF61A2A4A910064C75C /* AddressBookViewController.swift */ = {isa = PBXFileReference; fileEncoding = 4; lastKnownFileType = sourcecode.swift; path = AddressBookViewController.swift; sourceTree = "<group>"; };
/* End PBXFileReference section */

/* Begin PBXFrameworksBuildPhase section */
		8267530019F619A800071464 /* Frameworks */ = {
			isa = PBXFrameworksBuildPhase;
			buildActionMask = 2147483647;
			files = (
				8207A23F1A15192900A169EC /* AddressBookUI.framework in Frameworks */,
				8207A23D1A1518FD00A169EC /* AddressBook.framework in Frameworks */,
			);
			runOnlyForDeploymentPostprocessing = 0;
		};
		8267531519F619A800071464 /* Frameworks */ = {
			isa = PBXFrameworksBuildPhase;
			buildActionMask = 2147483647;
			files = (
			);
			runOnlyForDeploymentPostprocessing = 0;
		};
/* End PBXFrameworksBuildPhase section */

/* Begin PBXGroup section */
		8200356C19F656C100CB62FB /* ViewControllers */ = {
			isa = PBXGroup;
			children = (
				8267530819F619A800071464 /* AppDelegate.swift */,
				824A481C1A06096500C1C9C6 /* Main Menu */,
				824A481D1A06097D00C1C9C6 /* Round */,
				824A481E1A06098B00C1C9C6 /* Settings */,
				82C5DBF21A03BCA600896DEB /* Tutorial Screen */,
			);
			path = ViewControllers;
			sourceTree = "<group>";
		};
		823AECCE1A0CF5E200FC1889 /* Word */ = {
			isa = PBXGroup;
			children = (
				829FB55C19F6C05F0090BFB5 /* Word.swift */,
				82E0184E19FEB0E7006BE02E /* ActiveWord.swift */,
			);
			name = Word;
			sourceTree = "<group>";
		};
		823AECCF1A0CF7AA00FC1889 /* Game */ = {
			isa = PBXGroup;
			children = (
				82C66C5119F6CB4F00CE2BF0 /* TournamentSystem.swift */,
				82C66C4F19F6C56C00CE2BF0 /* Game.swift */,
				822AD27B19FBE83300E201DA /* Settings.swift */,
			);
			name = Game;
			sourceTree = "<group>";
		};
		823DD4611A10C3600005989A /* SwipeCell */ = {
			isa = PBXGroup;
			children = (
				82E0185119FEB8A1006BE02E /* MGSwipeButton.h */,
				82E0185219FEB8A1006BE02E /* MGSwipeButton.m */,
				82E0185319FEB8A1006BE02E /* MGSwipeTableCell.h */,
				82E0185419FEB8A1006BE02E /* MGSwipeTableCell.m */,
			);
			name = SwipeCell;
			sourceTree = "<group>";
		};
		824A481C1A06096500C1C9C6 /* Main Menu */ = {
			isa = PBXGroup;
			children = (
				82D5441F1A2DC435005E38B3 /* WordTableViewCell.swift */,
				82D78FD61A2DBA5A00D7E4D2 /* AddWordsViewController.swift */,
				82FFFFF61A2A4A910064C75C /* AddressBookViewController.swift */,
				8284A47F1A15214100D10730 /* AddressBookTableViewCell.swift */,
				82362DE81A1235C6007930AB /* GameResultsTableViewCell.swift */,
				8234604C19F68F8D00989B3A /* GameResultsViewController.swift */,
				8286EAD219FD574B00F08D28 /* ListOfPlayersTableViewController.swift */,
				8267530A19F619A800071464 /* StartScreenViewController.swift */,
				8200357119F656F100CB62FB /* InfoViewController.swift */,
			);
			name = "Main Menu";
			sourceTree = "<group>";
		};
		824A481D1A06097D00C1C9C6 /* Round */ = {
			isa = PBXGroup;
			children = (
				8286EAD419FD6B0300F08D28 /* RoundResultsTableViewController.swift */,
				8200357319F65CE400CB62FB /* StartGameViewController.swift */,
				8234604819F681FC00989B3A /* GameRoundViewController.swift */,
				8286EAD019FD431000F08D28 /* NewGameSettingsTableViewController.swift */,
				82F05EBB19FD745F00CE5316 /* CurrentRoundSettingsTableViewController.swift */,
				82DC1FA91A0FFAC4007EFDD5 /* CircleView.swift */,
			);
			name = Round;
			sourceTree = "<group>";
		};
		824A481E1A06098B00C1C9C6 /* Settings */ = {
			isa = PBXGroup;
			children = (
				82611E2719FBF9CF00C2B14A /* SettingsTableViewController.swift */,
				82A3794219FFFCEC00C77877 /* CustomPlayerTableCell.swift */,
				82E0184C19FEA8C0006BE02E /* CustomTableViewCell.swift */,
			);
			name = Settings;
			sourceTree = "<group>";
		};
		826752FA19F619A700071464 = {
			isa = PBXGroup;
			children = (
				8207A23E1A15192900A169EC /* AddressBookUI.framework */,
				8207A23C1A1518FD00A169EC /* AddressBook.framework */,
				825A88581A0F71C900D35B8B /* Default-568h@2x.png */,
				8267530519F619A800071464 /* TheHat */,
				8267531B19F619A800071464 /* TheHatTests */,
				8267530419F619A800071464 /* Products */,
			);
			sourceTree = "<group>";
		};
		8267530419F619A800071464 /* Products */ = {
			isa = PBXGroup;
			children = (
				8267530319F619A800071464 /* TheHat.app */,
				8267531819F619A800071464 /* TheHatTests.xctest */,
			);
			name = Products;
			sourceTree = "<group>";
		};
		8267530519F619A800071464 /* TheHat */ = {
			isa = PBXGroup;
			children = (
				82DF93FF1A1927B80096A300 /* BaseViewController.swift */,
				8267530C19F619A800071464 /* Main.storyboard */,
				82B3D1F21A02D9F600239116 /* Media.xcassets */,
				82DF93FE1A1927680096A300 /* Different files */,
				82F1C00C1A03B2DC00CABE56 /* Data */,
				829FB55919F6BEF80090BFB5 /* Model */,
				8200356C19F656C100CB62FB /* ViewControllers */,
				8267530619F619A800071464 /* Supporting Files */,
			);
			path = TheHat;
			sourceTree = "<group>";
		};
		8267530619F619A800071464 /* Supporting Files */ = {
			isa = PBXGroup;
			children = (
				823DD4611A10C3600005989A /* SwipeCell */,
				82A62D2E1A1E485800A6A353 /* Constants.swift */,
			);
			path = "Supporting Files";
			sourceTree = "<group>";
		};
		8267531B19F619A800071464 /* TheHatTests */ = {
			isa = PBXGroup;
			children = (
				8267531E19F619A800071464 /* TheHatTests.swift */,
				8267531C19F619A800071464 /* Supporting Files */,
			);
			path = TheHatTests;
			sourceTree = "<group>";
		};
		8267531C19F619A800071464 /* Supporting Files */ = {
			isa = PBXGroup;
			children = (
				8267531D19F619A800071464 /* Info.plist */,
			);
			name = "Supporting Files";
			sourceTree = "<group>";
		};
		829FB55919F6BEF80090BFB5 /* Model */ = {
			isa = PBXGroup;
			children = (
				823AECCE1A0CF5E200FC1889 /* Word */,
				823AECCF1A0CF7AA00FC1889 /* Game */,
				829FB55A19F6BF1E0090BFB5 /* Player.swift */,
				8206B67A19FA7A8600BA45A0 /* Dictionary.swift */,
			);
			name = Model;
			path = /Users/valzevul/projects/ios/TheHat/TheHat/Model;
			sourceTree = "<absolute>";
		};
		82C5DBF21A03BCA600896DEB /* Tutorial Screen */ = {
			isa = PBXGroup;
			children = (
				828927E91A0F58CC00BB009E /* MainTutorialViewController.swift */,
				828927E71A0F541200BB009E /* PageContentViewController.swift */,
			);
			name = "Tutorial Screen";
			sourceTree = "<group>";
		};
		82DF93FE1A1927680096A300 /* Different files */ = {
			isa = PBXGroup;
			children = (
				82E0185719FEB954006BE02E /* Header.h */,
				8267531119F619A800071464 /* LaunchScreen.xib */,
				8267530719F619A800071464 /* Info.plist */,
			);
			name = "Different files";
			sourceTree = "<group>";
		};
		82F1C00C1A03B2DC00CABE56 /* Data */ = {
			isa = PBXGroup;
			children = (
				828927DF1A0EA5F500BB009E /* dict.txt */,
			);
			path = Data;
			sourceTree = "<group>";
		};
/* End PBXGroup section */

/* Begin PBXNativeTarget section */
		8267530219F619A800071464 /* TheHat */ = {
			isa = PBXNativeTarget;
			buildConfigurationList = 8267532219F619A800071464 /* Build configuration list for PBXNativeTarget "TheHat" */;
			buildPhases = (
				826752FF19F619A800071464 /* Sources */,
				8267530019F619A800071464 /* Frameworks */,
				8267530119F619A800071464 /* Resources */,
			);
			buildRules = (
			);
			dependencies = (
			);
			name = TheHat;
			productName = TheHat;
			productReference = 8267530319F619A800071464 /* TheHat.app */;
			productType = "com.apple.product-type.application";
		};
		8267531719F619A800071464 /* TheHatTests */ = {
			isa = PBXNativeTarget;
			buildConfigurationList = 8267532519F619A800071464 /* Build configuration list for PBXNativeTarget "TheHatTests" */;
			buildPhases = (
				8267531419F619A800071464 /* Sources */,
				8267531519F619A800071464 /* Frameworks */,
				8267531619F619A800071464 /* Resources */,
			);
			buildRules = (
			);
			dependencies = (
				8267531A19F619A800071464 /* PBXTargetDependency */,
			);
			name = TheHatTests;
			productName = TheHatTests;
			productReference = 8267531819F619A800071464 /* TheHatTests.xctest */;
			productType = "com.apple.product-type.bundle.unit-test";
		};
/* End PBXNativeTarget section */

/* Begin PBXProject section */
		826752FB19F619A700071464 /* Project object */ = {
			isa = PBXProject;
			attributes = {
				LastUpgradeCheck = 0600;
				ORGANIZATIONNAME = "Vadim Drobinin";
				TargetAttributes = {
					8267530219F619A800071464 = {
						CreatedOnToolsVersion = 6.0.1;
					};
					8267531719F619A800071464 = {
						CreatedOnToolsVersion = 6.0.1;
						TestTargetID = 8267530219F619A800071464;
					};
				};
			};
			buildConfigurationList = 826752FE19F619A700071464 /* Build configuration list for PBXProject "TheHat" */;
			compatibilityVersion = "Xcode 3.2";
			developmentRegion = English;
			hasScannedForEncodings = 0;
			knownRegions = (
				en,
				Base,
			);
			mainGroup = 826752FA19F619A700071464;
			productRefGroup = 8267530419F619A800071464 /* Products */;
			projectDirPath = "";
			projectRoot = "";
			targets = (
				8267530219F619A800071464 /* TheHat */,
				8267531719F619A800071464 /* TheHatTests */,
			);
		};
/* End PBXProject section */

/* Begin PBXResourcesBuildPhase section */
		8267530119F619A800071464 /* Resources */ = {
			isa = PBXResourcesBuildPhase;
			buildActionMask = 2147483647;
			files = (
				8267530E19F619A800071464 /* Main.storyboard in Resources */,
				82B3D1F31A02D9F600239116 /* Media.xcassets in Resources */,
				8267531319F619A800071464 /* LaunchScreen.xib in Resources */,
				825A88591A0F71C900D35B8B /* Default-568h@2x.png in Resources */,
				828927E11A0EA5F500BB009E /* dict.txt in Resources */,
			);
			runOnlyForDeploymentPostprocessing = 0;
		};
		8267531619F619A800071464 /* Resources */ = {
			isa = PBXResourcesBuildPhase;
			buildActionMask = 2147483647;
			files = (
			);
			runOnlyForDeploymentPostprocessing = 0;
		};
/* End PBXResourcesBuildPhase section */

/* Begin PBXSourcesBuildPhase section */
		826752FF19F619A800071464 /* Sources */ = {
			isa = PBXSourcesBuildPhase;
			buildActionMask = 2147483647;
			files = (
				82362DE91A1235C6007930AB /* GameResultsTableViewCell.swift in Sources */,
				8284A4801A15214100D10730 /* AddressBookTableViewCell.swift in Sources */,
				82E0184D19FEA8C0006BE02E /* CustomTableViewCell.swift in Sources */,
				82E3ACDF19F6553F004AC9BF /* StartScreenViewController.swift in Sources */,
				82A62D2F1A1E485800A6A353 /* Constants.swift in Sources */,
				82E0185519FEB8A1006BE02E /* MGSwipeButton.m in Sources */,
				8267530919F619A800071464 /* AppDelegate.swift in Sources */,
				8234604919F681FC00989B3A /* GameRoundViewController.swift in Sources */,
				828927E81A0F541200BB009E /* PageContentViewController.swift in Sources */,
				8286EAD119FD431000F08D28 /* NewGameSettingsTableViewController.swift in Sources */,
				82C66C5219F6CB4F00CE2BF0 /* TournamentSystem.swift in Sources */,
				82F05EBC19FD745F00CE5316 /* CurrentRoundSettingsTableViewController.swift in Sources */,
				829FB55D19F6C05F0090BFB5 /* Word.swift in Sources */,
				82C66C5019F6C56C00CE2BF0 /* Game.swift in Sources */,
				82E0185619FEB8A1006BE02E /* MGSwipeTableCell.m in Sources */,
				82E0184F19FEB0E7006BE02E /* ActiveWord.swift in Sources */,
				822AD27C19FBE83300E201DA /* Settings.swift in Sources */,
				82D544201A2DC435005E38B3 /* WordTableViewCell.swift in Sources */,
				828927EA1A0F58CC00BB009E /* MainTutorialViewController.swift in Sources */,
				8286EAD319FD574B00F08D28 /* ListOfPlayersTableViewController.swift in Sources */,
				8200357219F656F100CB62FB /* InfoViewController.swift in Sources */,
				82D78FD71A2DBA5A00D7E4D2 /* AddWordsViewController.swift in Sources */,
				829FB55B19F6BF1E0090BFB5 /* Player.swift in Sources */,
				82611E2819FBF9CF00C2B14A /* SettingsTableViewController.swift in Sources */,
				8286EAD519FD6B0300F08D28 /* RoundResultsTableViewController.swift in Sources */,
				8206B67B19FA7A8600BA45A0 /* Dictionary.swift in Sources */,
				82DC1FAA1A0FFAC4007EFDD5 /* CircleView.swift in Sources */,
				8234604D19F68F8D00989B3A /* GameResultsViewController.swift in Sources */,
				82A3794319FFFCEC00C77877 /* CustomPlayerTableCell.swift in Sources */,
				8200357419F65CE400CB62FB /* StartGameViewController.swift in Sources */,
				82DF94001A1927B80096A300 /* BaseViewController.swift in Sources */,
				82FFFFF71A2A4A910064C75C /* AddressBookViewController.swift in Sources */,
			);
			runOnlyForDeploymentPostprocessing = 0;
		};
		8267531419F619A800071464 /* Sources */ = {
			isa = PBXSourcesBuildPhase;
			buildActionMask = 2147483647;
			files = (
				8232F1CA19F9926F00D473CF /* TheHatTests.swift in Sources */,
				823C75C51A44C65600B56389 /* Word.swift in Sources */,
				82C7085519F7D61E00D184B8 /* AppDelegate.swift in Sources */,
				828A1B9F1A01794D00BE793D /* ActiveWord.swift in Sources */,
				82A62D301A1E4C5900A6A353 /* TournamentSystem.swift in Sources */,
				82C7085819F7D9CC00D184B8 /* Player.swift in Sources */,
				822AD27A19FAD04C00E201DA /* Dictionary.swift in Sources */,
				82C7085A19F7DA9800D184B8 /* Game.swift in Sources */,
				823C75C61A44C66300B56389 /* Constants.swift in Sources */,
			);
			runOnlyForDeploymentPostprocessing = 0;
		};
/* End PBXSourcesBuildPhase section */

/* Begin PBXTargetDependency section */
		8267531A19F619A800071464 /* PBXTargetDependency */ = {
			isa = PBXTargetDependency;
			target = 8267530219F619A800071464 /* TheHat */;
			targetProxy = 8267531919F619A800071464 /* PBXContainerItemProxy */;
		};
/* End PBXTargetDependency section */

/* Begin PBXVariantGroup section */
		8267530C19F619A800071464 /* Main.storyboard */ = {
			isa = PBXVariantGroup;
			children = (
				8267530D19F619A800071464 /* Base */,
			);
			name = Main.storyboard;
			sourceTree = "<group>";
		};
		8267531119F619A800071464 /* LaunchScreen.xib */ = {
			isa = PBXVariantGroup;
			children = (
				8267531219F619A800071464 /* Base */,
			);
			name = LaunchScreen.xib;
			sourceTree = "<group>";
		};
/* End PBXVariantGroup section */

/* Begin XCBuildConfiguration section */
		8267532019F619A800071464 /* Debug */ = {
			isa = XCBuildConfiguration;
			buildSettings = {
				ALWAYS_SEARCH_USER_PATHS = NO;
				CLANG_CXX_LANGUAGE_STANDARD = "gnu++0x";
				CLANG_CXX_LIBRARY = "libc++";
				CLANG_ENABLE_MODULES = YES;
				CLANG_ENABLE_OBJC_ARC = YES;
				CLANG_WARN_BOOL_CONVERSION = YES;
				CLANG_WARN_CONSTANT_CONVERSION = YES;
				CLANG_WARN_DIRECT_OBJC_ISA_USAGE = YES_ERROR;
				CLANG_WARN_EMPTY_BODY = YES;
				CLANG_WARN_ENUM_CONVERSION = YES;
				CLANG_WARN_INT_CONVERSION = YES;
				CLANG_WARN_OBJC_ROOT_CLASS = YES_ERROR;
				CLANG_WARN_UNREACHABLE_CODE = YES;
				CLANG_WARN__DUPLICATE_METHOD_MATCH = YES;
				"CODE_SIGN_IDENTITY[sdk=iphoneos*]" = "iPhone Developer";
				COPY_PHASE_STRIP = NO;
				ENABLE_STRICT_OBJC_MSGSEND = YES;
				GCC_C_LANGUAGE_STANDARD = gnu99;
				GCC_DYNAMIC_NO_PIC = NO;
				GCC_OPTIMIZATION_LEVEL = 0;
				GCC_PREPROCESSOR_DEFINITIONS = (
					"DEBUG=1",
					"$(inherited)",
				);
				GCC_SYMBOLS_PRIVATE_EXTERN = NO;
				GCC_WARN_64_TO_32_BIT_CONVERSION = YES;
				GCC_WARN_ABOUT_RETURN_TYPE = YES_ERROR;
				GCC_WARN_UNDECLARED_SELECTOR = YES;
				GCC_WARN_UNINITIALIZED_AUTOS = YES_AGGRESSIVE;
				GCC_WARN_UNUSED_FUNCTION = YES;
				GCC_WARN_UNUSED_VARIABLE = YES;
				IPHONEOS_DEPLOYMENT_TARGET = 8.0;
				MTL_ENABLE_DEBUG_INFO = YES;
				ONLY_ACTIVE_ARCH = YES;
				SDKROOT = iphoneos;
				SWIFT_OPTIMIZATION_LEVEL = "-Onone";
			};
			name = Debug;
		};
		8267532119F619A800071464 /* Release */ = {
			isa = XCBuildConfiguration;
			buildSettings = {
				ALWAYS_SEARCH_USER_PATHS = NO;
				CLANG_CXX_LANGUAGE_STANDARD = "gnu++0x";
				CLANG_CXX_LIBRARY = "libc++";
				CLANG_ENABLE_MODULES = YES;
				CLANG_ENABLE_OBJC_ARC = YES;
				CLANG_WARN_BOOL_CONVERSION = YES;
				CLANG_WARN_CONSTANT_CONVERSION = YES;
				CLANG_WARN_DIRECT_OBJC_ISA_USAGE = YES_ERROR;
				CLANG_WARN_EMPTY_BODY = YES;
				CLANG_WARN_ENUM_CONVERSION = YES;
				CLANG_WARN_INT_CONVERSION = YES;
				CLANG_WARN_OBJC_ROOT_CLASS = YES_ERROR;
				CLANG_WARN_UNREACHABLE_CODE = YES;
				CLANG_WARN__DUPLICATE_METHOD_MATCH = YES;
				"CODE_SIGN_IDENTITY[sdk=iphoneos*]" = "iPhone Developer";
				COPY_PHASE_STRIP = YES;
				ENABLE_NS_ASSERTIONS = NO;
				ENABLE_STRICT_OBJC_MSGSEND = YES;
				GCC_C_LANGUAGE_STANDARD = gnu99;
				GCC_WARN_64_TO_32_BIT_CONVERSION = YES;
				GCC_WARN_ABOUT_RETURN_TYPE = YES_ERROR;
				GCC_WARN_UNDECLARED_SELECTOR = YES;
				GCC_WARN_UNINITIALIZED_AUTOS = YES_AGGRESSIVE;
				GCC_WARN_UNUSED_FUNCTION = YES;
				GCC_WARN_UNUSED_VARIABLE = YES;
				IPHONEOS_DEPLOYMENT_TARGET = 8.0;
				MTL_ENABLE_DEBUG_INFO = NO;
				SDKROOT = iphoneos;
				VALIDATE_PRODUCT = YES;
			};
			name = Release;
		};
		8267532319F619A800071464 /* Debug */ = {
			isa = XCBuildConfiguration;
			buildSettings = {
				ASSETCATALOG_COMPILER_APPICON_NAME = AppIcon;
				INFOPLIST_FILE = TheHat/Info.plist;
				LD_RUNPATH_SEARCH_PATHS = "$(inherited) @executable_path/Frameworks";
				PRODUCT_NAME = "$(TARGET_NAME)";
				"SWIFT_OBJC_BRIDGING_HEADER[arch=*]" = Header.h;
			};
			name = Debug;
		};
		8267532419F619A800071464 /* Release */ = {
			isa = XCBuildConfiguration;
			buildSettings = {
				ASSETCATALOG_COMPILER_APPICON_NAME = AppIcon;
				INFOPLIST_FILE = TheHat/Info.plist;
				LD_RUNPATH_SEARCH_PATHS = "$(inherited) @executable_path/Frameworks";
				PRODUCT_NAME = "$(TARGET_NAME)";
				SWIFT_OBJC_BRIDGING_HEADER = Header.h;
			};
			name = Release;
		};
		8267532619F619A800071464 /* Debug */ = {
			isa = XCBuildConfiguration;
			buildSettings = {
				BUNDLE_LOADER = "$(TEST_HOST)";
				FRAMEWORK_SEARCH_PATHS = (
					"$(SDKROOT)/Developer/Library/Frameworks",
					"$(inherited)",
				);
				GCC_PREPROCESSOR_DEFINITIONS = (
					"DEBUG=1",
					"$(inherited)",
				);
				INFOPLIST_FILE = TheHatTests/Info.plist;
				LD_RUNPATH_SEARCH_PATHS = "$(inherited) @executable_path/Frameworks @loader_path/Frameworks";
				PRODUCT_NAME = "$(TARGET_NAME)";
				TEST_HOST = "$(BUILT_PRODUCTS_DIR)/TheHat.app/TheHat";
			};
			name = Debug;
		};
		8267532719F619A800071464 /* Release */ = {
			isa = XCBuildConfiguration;
			buildSettings = {
				BUNDLE_LOADER = "$(TEST_HOST)";
				FRAMEWORK_SEARCH_PATHS = (
					"$(SDKROOT)/Developer/Library/Frameworks",
					"$(inherited)",
				);
				INFOPLIST_FILE = TheHatTests/Info.plist;
				LD_RUNPATH_SEARCH_PATHS = "$(inherited) @executable_path/Frameworks @loader_path/Frameworks";
				PRODUCT_NAME = "$(TARGET_NAME)";
				TEST_HOST = "$(BUILT_PRODUCTS_DIR)/TheHat.app/TheHat";
			};
			name = Release;
		};
/* End XCBuildConfiguration section */

/* Begin XCConfigurationList section */
		826752FE19F619A700071464 /* Build configuration list for PBXProject "TheHat" */ = {
			isa = XCConfigurationList;
			buildConfigurations = (
				8267532019F619A800071464 /* Debug */,
				8267532119F619A800071464 /* Release */,
			);
			defaultConfigurationIsVisible = 0;
			defaultConfigurationName = Release;
		};
		8267532219F619A800071464 /* Build configuration list for PBXNativeTarget "TheHat" */ = {
			isa = XCConfigurationList;
			buildConfigurations = (
				8267532319F619A800071464 /* Debug */,
				8267532419F619A800071464 /* Release */,
			);
			defaultConfigurationIsVisible = 0;
			defaultConfigurationName = Release;
		};
		8267532519F619A800071464 /* Build configuration list for PBXNativeTarget "TheHatTests" */ = {
			isa = XCConfigurationList;
			buildConfigurations = (
				8267532619F619A800071464 /* Debug */,
				8267532719F619A800071464 /* Release */,
			);
			defaultConfigurationIsVisible = 0;
			defaultConfigurationName = Release;
		};
/* End XCConfigurationList section */
	};
	rootObject = 826752FB19F619A700071464 /* Project object */;
}
